// !$*UTF8*$!
{
	archiveVersion = 1;
	classes = {
	};
	objectVersion = 56;
	objects = {

/* Begin PBXBuildFile section */
		8C57CB682D83234A00F4DC4C /* WeatherForecastTableViewCell.swift in Sources */ = {isa = PBXBuildFile; fileRef = 8C57CB672D83234A00F4DC4C /* WeatherForecastTableViewCell.swift */; };
		8C57CB752D88C82200F4DC4C /* WeekWeatherForecast.swift in Sources */ = {isa = PBXBuildFile; fileRef = 8C57CB742D88C82200F4DC4C /* WeekWeatherForecast.swift */; };
		8C8190A12D81FBD2008D4A09 /* AppDelegate.swift in Sources */ = {isa = PBXBuildFile; fileRef = 8C8190A02D81FBD2008D4A09 /* AppDelegate.swift */; };
		8C8190A32D81FBD2008D4A09 /* SceneDelegate.swift in Sources */ = {isa = PBXBuildFile; fileRef = 8C8190A22D81FBD2008D4A09 /* SceneDelegate.swift */; };
		8C8190A52D81FBD2008D4A09 /* ViewController.swift in Sources */ = {isa = PBXBuildFile; fileRef = 8C8190A42D81FBD2008D4A09 /* ViewController.swift */; };
		8C8190A82D81FBD2008D4A09 /* Main.storyboard in Resources */ = {isa = PBXBuildFile; fileRef = 8C8190A62D81FBD2008D4A09 /* Main.storyboard */; };
		8C8190AA2D81FBD3008D4A09 /* Assets.xcassets in Resources */ = {isa = PBXBuildFile; fileRef = 8C8190A92D81FBD3008D4A09 /* Assets.xcassets */; };
		8C8190AD2D81FBD3008D4A09 /* LaunchScreen.storyboard in Resources */ = {isa = PBXBuildFile; fileRef = 8C8190AB2D81FBD3008D4A09 /* LaunchScreen.storyboard */; };
		8C8190B72D820999008D4A09 /* WeatherForecastViewModel.swift in Sources */ = {isa = PBXBuildFile; fileRef = 8C8190B62D820999008D4A09 /* WeatherForecastViewModel.swift */; };
		8C8190B92D8209D8008D4A09 /* WeatherServiceProtocol.swift in Sources */ = {isa = PBXBuildFile; fileRef = 8C8190B82D8209D8008D4A09 /* WeatherServiceProtocol.swift */; };
		8C8190C82D820C84008D4A09 /* Env.swift in Sources */ = {isa = PBXBuildFile; fileRef = 8C8190C72D820C84008D4A09 /* Env.swift */; };
		8C8190CB2D820D2A008D4A09 /* WeekWeatherForecastModel.swift in Sources */ = {isa = PBXBuildFile; fileRef = 8C8190CA2D820D2A008D4A09 /* WeekWeatherForecastModel.swift */; };
		8C8190CD2D821B0B008D4A09 /* CoordinatesModel.swift in Sources */ = {isa = PBXBuildFile; fileRef = 8C8190CC2D821B0B008D4A09 /* CoordinatesModel.swift */; };
		8C8190CF2D821F79008D4A09 /* ViewController+Alert.swift in Sources */ = {isa = PBXBuildFile; fileRef = 8C8190CE2D821F79008D4A09 /* ViewController+Alert.swift */; };
		8C8190D32D823F4A008D4A09 /* WeatherInfoView.xib in Resources */ = {isa = PBXBuildFile; fileRef = 8C8190D22D823F4A008D4A09 /* WeatherInfoView.xib */; };
		8C8190D52D823F5C008D4A09 /* WeatherInfoView.swift in Sources */ = {isa = PBXBuildFile; fileRef = 8C8190D42D823F5C008D4A09 /* WeatherInfoView.swift */; };
		8C8190DA2D831B3C008D4A09 /* Differentiator in Frameworks */ = {isa = PBXBuildFile; productRef = 8C8190D92D831B3C008D4A09 /* Differentiator */; };
		8C8190DC2D831B3C008D4A09 /* RxDataSources in Frameworks */ = {isa = PBXBuildFile; productRef = 8C8190DB2D831B3C008D4A09 /* RxDataSources */; };
		8C88A1E42D92D0D4000D1A27 /* WeatherForecastDecoderTests.swift in Sources */ = {isa = PBXBuildFile; fileRef = 8C88A1E32D92D0D4000D1A27 /* WeatherForecastDecoderTests.swift */; };
		8C91CD822DADAB6500175826 /* WeatherForecastView.swift in Sources */ = {isa = PBXBuildFile; fileRef = 8C91CD812DADAB6500175826 /* WeatherForecastView.swift */; };
		8C91CD842DADADE100175826 /* WeatherForecastViewModel_Combine.swift in Sources */ = {isa = PBXBuildFile; fileRef = 8C91CD832DADADE100175826 /* WeatherForecastViewModel_Combine.swift */; };
		8C91CD862DADB22100175826 /* WeatherHalfView.swift in Sources */ = {isa = PBXBuildFile; fileRef = 8C91CD852DADB22100175826 /* WeatherHalfView.swift */; };
		8C91CD8B2DADB4C700175826 /* DayWeatherForecast.swift in Sources */ = {isa = PBXBuildFile; fileRef = 8C91CD8A2DADB4C700175826 /* DayWeatherForecast.swift */; };
		8C91CD8D2DADB4DE00175826 /* HalfDayWeatherForecast.swift in Sources */ = {isa = PBXBuildFile; fileRef = 8C91CD8C2DADB4DE00175826 /* HalfDayWeatherForecast.swift */; };
		8C91CD8F2DADB9F600175826 /* WeatherHalfViewModel_Combine.swift in Sources */ = {isa = PBXBuildFile; fileRef = 8C91CD8E2DADB9F600175826 /* WeatherHalfViewModel_Combine.swift */; };
		8C994BF12DAE4E7A0097FD6E /* WeatherInfoViewModel.swift in Sources */ = {isa = PBXBuildFile; fileRef = 8C994BF02DAE4E7A0097FD6E /* WeatherInfoViewModel.swift */; };
		8C994BF32DAE50E10097FD6E /* WeatherImageModel.swift in Sources */ = {isa = PBXBuildFile; fileRef = 8C994BF22DAE50E10097FD6E /* WeatherImageModel.swift */; };
		8C994BF52DAE5B140097FD6E /* WeatherImageModel+UIImage.swift in Sources */ = {isa = PBXBuildFile; fileRef = 8C994BF42DAE5B140097FD6E /* WeatherImageModel+UIImage.swift */; };
		8C994BF82DAE5E0A0097FD6E /* RxCombine in Frameworks */ = {isa = PBXBuildFile; productRef = 8C994BF72DAE5E0A0097FD6E /* RxCombine */; };
		8C994BFA2DAE8A9F0097FD6E /* WeatherDayView.swift in Sources */ = {isa = PBXBuildFile; fileRef = 8C994BF92DAE8A9F0097FD6E /* WeatherDayView.swift */; };
		8C994BFE2DAE92320097FD6E /* WeatherDayViewModel_Combine.swift in Sources */ = {isa = PBXBuildFile; fileRef = 8C994BFD2DAE92320097FD6E /* WeatherDayViewModel_Combine.swift */; };
		8CA5224C2D9C886F003BE5E0 /* RxBlocking in Frameworks */ = {isa = PBXBuildFile; productRef = 8CA5224B2D9C886F003BE5E0 /* RxBlocking */; };
		8CA5224E2D9C886F003BE5E0 /* RxCocoa in Frameworks */ = {isa = PBXBuildFile; productRef = 8CA5224D2D9C886F003BE5E0 /* RxCocoa */; };
		8CA522502D9C886F003BE5E0 /* RxTest in Frameworks */ = {isa = PBXBuildFile; productRef = 8CA5224F2D9C886F003BE5E0 /* RxTest */; };
		8CA5BED32D92DE9600BF5533 /* OpenWeatherService.swift in Sources */ = {isa = PBXBuildFile; fileRef = 8CA5BED22D92DE9600BF5533 /* OpenWeatherService.swift */; };
		8CA5BED62D92E0AF00BF5533 /* DecodingServiceProtocol.swift in Sources */ = {isa = PBXBuildFile; fileRef = 8CA5BED52D92E0AF00BF5533 /* DecodingServiceProtocol.swift */; };
		8CA5BEDA2D92E2D100BF5533 /* NetworkingServiceProtocol.swift in Sources */ = {isa = PBXBuildFile; fileRef = 8CA5BED92D92E2D100BF5533 /* NetworkingServiceProtocol.swift */; };
		8CA5BEE02D93013500BF5533 /* MockNetworkingService.swift in Sources */ = {isa = PBXBuildFile; fileRef = 8CA5BEDF2D93013500BF5533 /* MockNetworkingService.swift */; };
		8CA5BEE22D93018600BF5533 /* RXNetworkingService.swift in Sources */ = {isa = PBXBuildFile; fileRef = 8CA5BEE12D93018600BF5533 /* RXNetworkingService.swift */; };
		8CA5BEE42D9301B900BF5533 /* JSONDecodingService.swift in Sources */ = {isa = PBXBuildFile; fileRef = 8CA5BEE32D9301B900BF5533 /* JSONDecodingService.swift */; };
		8CA5BEE82D9304D600BF5533 /* MockModelsEncodable.swift in Sources */ = {isa = PBXBuildFile; fileRef = 8CA5BEE72D9304D600BF5533 /* MockModelsEncodable.swift */; };
		8CA5BEEA2D9357DE00BF5533 /* WeatherForecastViewModelTests.swift in Sources */ = {isa = PBXBuildFile; fileRef = 8CA5BEE92D9357DE00BF5533 /* WeatherForecastViewModelTests.swift */; };
/* End PBXBuildFile section */

/* Begin PBXContainerItemProxy section */
		8C88A1E52D92D0D4000D1A27 /* PBXContainerItemProxy */ = {
			isa = PBXContainerItemProxy;
			containerPortal = 8C8190952D81FBD2008D4A09 /* Project object */;
			proxyType = 1;
			remoteGlobalIDString = 8C81909C2D81FBD2008D4A09;
			remoteInfo = WeatherForecast;
		};
/* End PBXContainerItemProxy section */

/* Begin PBXFileReference section */
		8C57CB672D83234A00F4DC4C /* WeatherForecastTableViewCell.swift */ = {isa = PBXFileReference; fileEncoding = 4; lastKnownFileType = sourcecode.swift; path = WeatherForecastTableViewCell.swift; sourceTree = "<group>"; };
		8C57CB742D88C82200F4DC4C /* WeekWeatherForecast.swift */ = {isa = PBXFileReference; lastKnownFileType = sourcecode.swift; path = WeekWeatherForecast.swift; sourceTree = "<group>"; };
		8C81909D2D81FBD2008D4A09 /* WeatherForecast.app */ = {isa = PBXFileReference; explicitFileType = wrapper.application; includeInIndex = 0; path = WeatherForecast.app; sourceTree = BUILT_PRODUCTS_DIR; };
		8C8190A02D81FBD2008D4A09 /* AppDelegate.swift */ = {isa = PBXFileReference; lastKnownFileType = sourcecode.swift; path = AppDelegate.swift; sourceTree = "<group>"; };
		8C8190A22D81FBD2008D4A09 /* SceneDelegate.swift */ = {isa = PBXFileReference; lastKnownFileType = sourcecode.swift; path = SceneDelegate.swift; sourceTree = "<group>"; };
		8C8190A42D81FBD2008D4A09 /* ViewController.swift */ = {isa = PBXFileReference; lastKnownFileType = sourcecode.swift; path = ViewController.swift; sourceTree = "<group>"; };
		8C8190A72D81FBD2008D4A09 /* Base */ = {isa = PBXFileReference; lastKnownFileType = file.storyboard; name = Base; path = Base.lproj/Main.storyboard; sourceTree = "<group>"; };
		8C8190A92D81FBD3008D4A09 /* Assets.xcassets */ = {isa = PBXFileReference; lastKnownFileType = folder.assetcatalog; path = Assets.xcassets; sourceTree = "<group>"; };
		8C8190AC2D81FBD3008D4A09 /* Base */ = {isa = PBXFileReference; lastKnownFileType = file.storyboard; name = Base; path = Base.lproj/LaunchScreen.storyboard; sourceTree = "<group>"; };
		8C8190AE2D81FBD3008D4A09 /* Info.plist */ = {isa = PBXFileReference; lastKnownFileType = text.plist.xml; path = Info.plist; sourceTree = "<group>"; };
		8C8190B42D81FBFF008D4A09 /* README.md */ = {isa = PBXFileReference; lastKnownFileType = net.daringfireball.markdown; path = README.md; sourceTree = "<group>"; };
		8C8190B62D820999008D4A09 /* WeatherForecastViewModel.swift */ = {isa = PBXFileReference; lastKnownFileType = sourcecode.swift; path = WeatherForecastViewModel.swift; sourceTree = "<group>"; };
		8C8190B82D8209D8008D4A09 /* WeatherServiceProtocol.swift */ = {isa = PBXFileReference; lastKnownFileType = sourcecode.swift; path = WeatherServiceProtocol.swift; sourceTree = "<group>"; };
		8C8190C72D820C84008D4A09 /* Env.swift */ = {isa = PBXFileReference; lastKnownFileType = sourcecode.swift; path = Env.swift; sourceTree = "<group>"; };
		8C8190CA2D820D2A008D4A09 /* WeekWeatherForecastModel.swift */ = {isa = PBXFileReference; lastKnownFileType = sourcecode.swift; path = WeekWeatherForecastModel.swift; sourceTree = "<group>"; };
		8C8190CC2D821B0B008D4A09 /* CoordinatesModel.swift */ = {isa = PBXFileReference; lastKnownFileType = sourcecode.swift; path = CoordinatesModel.swift; sourceTree = "<group>"; };
		8C8190CE2D821F79008D4A09 /* ViewController+Alert.swift */ = {isa = PBXFileReference; lastKnownFileType = sourcecode.swift; path = "ViewController+Alert.swift"; sourceTree = "<group>"; };
		8C8190D22D823F4A008D4A09 /* WeatherInfoView.xib */ = {isa = PBXFileReference; lastKnownFileType = file.xib; path = WeatherInfoView.xib; sourceTree = "<group>"; };
		8C8190D42D823F5C008D4A09 /* WeatherInfoView.swift */ = {isa = PBXFileReference; lastKnownFileType = sourcecode.swift; path = WeatherInfoView.swift; sourceTree = "<group>"; };
		8C88A1E12D92D0D4000D1A27 /* WeatherForecastTests.xctest */ = {isa = PBXFileReference; explicitFileType = wrapper.cfbundle; includeInIndex = 0; path = WeatherForecastTests.xctest; sourceTree = BUILT_PRODUCTS_DIR; };
		8C88A1E32D92D0D4000D1A27 /* WeatherForecastDecoderTests.swift */ = {isa = PBXFileReference; lastKnownFileType = sourcecode.swift; path = WeatherForecastDecoderTests.swift; sourceTree = "<group>"; };
		8C91CD812DADAB6500175826 /* WeatherForecastView.swift */ = {isa = PBXFileReference; lastKnownFileType = sourcecode.swift; path = WeatherForecastView.swift; sourceTree = "<group>"; };
		8C91CD832DADADE100175826 /* WeatherForecastViewModel_Combine.swift */ = {isa = PBXFileReference; lastKnownFileType = sourcecode.swift; path = WeatherForecastViewModel_Combine.swift; sourceTree = "<group>"; };
		8C91CD852DADB22100175826 /* WeatherHalfView.swift */ = {isa = PBXFileReference; lastKnownFileType = sourcecode.swift; path = WeatherHalfView.swift; sourceTree = "<group>"; };
		8C91CD8A2DADB4C700175826 /* DayWeatherForecast.swift */ = {isa = PBXFileReference; lastKnownFileType = sourcecode.swift; path = DayWeatherForecast.swift; sourceTree = "<group>"; };
		8C91CD8C2DADB4DE00175826 /* HalfDayWeatherForecast.swift */ = {isa = PBXFileReference; lastKnownFileType = sourcecode.swift; path = HalfDayWeatherForecast.swift; sourceTree = "<group>"; };
		8C91CD8E2DADB9F600175826 /* WeatherHalfViewModel_Combine.swift */ = {isa = PBXFileReference; lastKnownFileType = sourcecode.swift; path = WeatherHalfViewModel_Combine.swift; sourceTree = "<group>"; };
		8C994BF02DAE4E7A0097FD6E /* WeatherInfoViewModel.swift */ = {isa = PBXFileReference; lastKnownFileType = sourcecode.swift; path = WeatherInfoViewModel.swift; sourceTree = "<group>"; };
		8C994BF22DAE50E10097FD6E /* WeatherImageModel.swift */ = {isa = PBXFileReference; lastKnownFileType = sourcecode.swift; path = WeatherImageModel.swift; sourceTree = "<group>"; };
		8C994BF42DAE5B140097FD6E /* WeatherImageModel+UIImage.swift */ = {isa = PBXFileReference; lastKnownFileType = sourcecode.swift; path = "WeatherImageModel+UIImage.swift"; sourceTree = "<group>"; };
		8C994BF92DAE8A9F0097FD6E /* WeatherDayView.swift */ = {isa = PBXFileReference; lastKnownFileType = sourcecode.swift; path = WeatherDayView.swift; sourceTree = "<group>"; };
		8C994BFD2DAE92320097FD6E /* WeatherDayViewModel_Combine.swift */ = {isa = PBXFileReference; lastKnownFileType = sourcecode.swift; path = WeatherDayViewModel_Combine.swift; sourceTree = "<group>"; };
		8CA5BED22D92DE9600BF5533 /* OpenWeatherService.swift */ = {isa = PBXFileReference; lastKnownFileType = sourcecode.swift; path = OpenWeatherService.swift; sourceTree = "<group>"; };
		8CA5BED52D92E0AF00BF5533 /* DecodingServiceProtocol.swift */ = {isa = PBXFileReference; lastKnownFileType = sourcecode.swift; path = DecodingServiceProtocol.swift; sourceTree = "<group>"; };
		8CA5BED92D92E2D100BF5533 /* NetworkingServiceProtocol.swift */ = {isa = PBXFileReference; lastKnownFileType = sourcecode.swift; path = NetworkingServiceProtocol.swift; sourceTree = "<group>"; };
		8CA5BEDF2D93013500BF5533 /* MockNetworkingService.swift */ = {isa = PBXFileReference; lastKnownFileType = sourcecode.swift; name = MockNetworkingService.swift; path = WeatherForecast/Data/Networking/MockNetworkingService.swift; sourceTree = SOURCE_ROOT; };
		8CA5BEE12D93018600BF5533 /* RXNetworkingService.swift */ = {isa = PBXFileReference; lastKnownFileType = sourcecode.swift; path = RXNetworkingService.swift; sourceTree = "<group>"; };
		8CA5BEE32D9301B900BF5533 /* JSONDecodingService.swift */ = {isa = PBXFileReference; lastKnownFileType = sourcecode.swift; path = JSONDecodingService.swift; sourceTree = "<group>"; };
		8CA5BEE72D9304D600BF5533 /* MockModelsEncodable.swift */ = {isa = PBXFileReference; lastKnownFileType = sourcecode.swift; path = MockModelsEncodable.swift; sourceTree = "<group>"; };
		8CA5BEE92D9357DE00BF5533 /* WeatherForecastViewModelTests.swift */ = {isa = PBXFileReference; lastKnownFileType = sourcecode.swift; path = WeatherForecastViewModelTests.swift; sourceTree = "<group>"; };
/* End PBXFileReference section */

/* Begin PBXFrameworksBuildPhase section */
		8C81909A2D81FBD2008D4A09 /* Frameworks */ = {
			isa = PBXFrameworksBuildPhase;
			buildActionMask = 2147483647;
			files = (
				8C994BF82DAE5E0A0097FD6E /* RxCombine in Frameworks */,
				8CA5224E2D9C886F003BE5E0 /* RxCocoa in Frameworks */,
				8C8190DC2D831B3C008D4A09 /* RxDataSources in Frameworks */,
				8C8190DA2D831B3C008D4A09 /* Differentiator in Frameworks */,
			);
			runOnlyForDeploymentPostprocessing = 0;
		};
		8C88A1DE2D92D0D4000D1A27 /* Frameworks */ = {
			isa = PBXFrameworksBuildPhase;
			buildActionMask = 2147483647;
			files = (
				8CA522502D9C886F003BE5E0 /* RxTest in Frameworks */,
				8CA5224C2D9C886F003BE5E0 /* RxBlocking in Frameworks */,
			);
			runOnlyForDeploymentPostprocessing = 0;
		};
/* End PBXFrameworksBuildPhase section */

/* Begin PBXGroup section */
		8C57CB732D88C66500F4DC4C /* Extensions */ = {
			isa = PBXGroup;
			children = (
				8C8190CE2D821F79008D4A09 /* ViewController+Alert.swift */,
				8C994BF42DAE5B140097FD6E /* WeatherImageModel+UIImage.swift */,
			);
			path = Extensions;
			sourceTree = "<group>";
		};
		8C57CB772D88D6F100F4DC4C /* ViewControllers */ = {
			isa = PBXGroup;
			children = (
				8C57CB782D88D71500F4DC4C /* Main */,
			);
			path = ViewControllers;
			sourceTree = "<group>";
		};
		8C57CB782D88D71500F4DC4C /* Main */ = {
			isa = PBXGroup;
			children = (
				8C8190A42D81FBD2008D4A09 /* ViewController.swift */,
				8C8190B62D820999008D4A09 /* WeatherForecastViewModel.swift */,
			);
			path = Main;
			sourceTree = "<group>";
		};
		8C8190942D81FBD2008D4A09 = {
			isa = PBXGroup;
			children = (
				8C81909F2D81FBD2008D4A09 /* WeatherForecast */,
				8C88A1E22D92D0D4000D1A27 /* WeatherForecastTests */,
				8C81909E2D81FBD2008D4A09 /* Products */,
			);
			sourceTree = "<group>";
		};
		8C81909E2D81FBD2008D4A09 /* Products */ = {
			isa = PBXGroup;
			children = (
				8C81909D2D81FBD2008D4A09 /* WeatherForecast.app */,
				8C88A1E12D92D0D4000D1A27 /* WeatherForecastTests.xctest */,
			);
			name = Products;
			sourceTree = "<group>";
		};
		8C81909F2D81FBD2008D4A09 /* WeatherForecast */ = {
			isa = PBXGroup;
			children = (
				8C91CD7E2DADA7C400175826 /* UI */,
				8C8190B52D820981008D4A09 /* Config */,
				8C8190C92D820CDB008D4A09 /* Data */,
				8C8190A62D81FBD2008D4A09 /* Main.storyboard */,
				8C8190A92D81FBD3008D4A09 /* Assets.xcassets */,
				8C8190AB2D81FBD3008D4A09 /* LaunchScreen.storyboard */,
				8C8190AE2D81FBD3008D4A09 /* Info.plist */,
				8C8190B42D81FBFF008D4A09 /* README.md */,
			);
			path = WeatherForecast;
			sourceTree = "<group>";
		};
		8C8190B52D820981008D4A09 /* Config */ = {
			isa = PBXGroup;
			children = (
				8C8190A02D81FBD2008D4A09 /* AppDelegate.swift */,
				8C8190A22D81FBD2008D4A09 /* SceneDelegate.swift */,
				8C8190C72D820C84008D4A09 /* Env.swift */,
			);
			path = Config;
			sourceTree = "<group>";
		};
		8C8190C92D820CDB008D4A09 /* Data */ = {
			isa = PBXGroup;
			children = (
				8CA5BED72D92E28E00BF5533 /* WeatherService */,
				8CA5BED42D92E0A400BF5533 /* Decoding */,
				8CA5BED12D92DE3100BF5533 /* Networking */,
			);
			path = Data;
			sourceTree = "<group>";
		};
		8C8190D62D83155E008D4A09 /* Views */ = {
			isa = PBXGroup;
			children = (
				8C8190D72D831565008D4A09 /* WeatherCell */,
			);
			path = Views;
			sourceTree = "<group>";
		};
		8C8190D72D831565008D4A09 /* WeatherCell */ = {
			isa = PBXGroup;
			children = (
				8C57CB672D83234A00F4DC4C /* WeatherForecastTableViewCell.swift */,
				8C994BF02DAE4E7A0097FD6E /* WeatherInfoViewModel.swift */,
				8C8190D42D823F5C008D4A09 /* WeatherInfoView.swift */,
				8C8190D22D823F4A008D4A09 /* WeatherInfoView.xib */,
			);
			path = WeatherCell;
			sourceTree = "<group>";
		};
		8C88A1E22D92D0D4000D1A27 /* WeatherForecastTests */ = {
			isa = PBXGroup;
			children = (
				8CA5BEDE2D93010600BF5533 /* Mock */,
				8C88A1E32D92D0D4000D1A27 /* WeatherForecastDecoderTests.swift */,
				8CA5BEE92D9357DE00BF5533 /* WeatherForecastViewModelTests.swift */,
			);
			path = WeatherForecastTests;
			sourceTree = "<group>";
		};
		8C91CD7E2DADA7C400175826 /* UI */ = {
			isa = PBXGroup;
			children = (
				8C91CD802DADA7D300175826 /* SwiftUI */,
				8C91CD7F2DADA7CB00175826 /* UIKit */,
			);
			path = UI;
			sourceTree = "<group>";
		};
		8C91CD7F2DADA7CB00175826 /* UIKit */ = {
			isa = PBXGroup;
			children = (
				8C8190D62D83155E008D4A09 /* Views */,
				8C57CB772D88D6F100F4DC4C /* ViewControllers */,
				8C57CB732D88C66500F4DC4C /* Extensions */,
			);
			path = UIKit;
			sourceTree = "<group>";
		};
		8C91CD802DADA7D300175826 /* SwiftUI */ = {
			isa = PBXGroup;
			children = (
				8C91CD882DADB29100175826 /* ViewModels */,
				8C91CD872DADB28700175826 /* Views */,
			);
			path = SwiftUI;
			sourceTree = "<group>";
		};
		8C91CD872DADB28700175826 /* Views */ = {
			isa = PBXGroup;
			children = (
				8C91CD812DADAB6500175826 /* WeatherForecastView.swift */,
				8C994BF92DAE8A9F0097FD6E /* WeatherDayView.swift */,
				8C91CD852DADB22100175826 /* WeatherHalfView.swift */,
			);
			path = Views;
			sourceTree = "<group>";
		};
		8C91CD882DADB29100175826 /* ViewModels */ = {
			isa = PBXGroup;
			children = (
				8C91CD832DADADE100175826 /* WeatherForecastViewModel_Combine.swift */,
				8C91CD8E2DADB9F600175826 /* WeatherHalfViewModel_Combine.swift */,
				8C994BFD2DAE92320097FD6E /* WeatherDayViewModel_Combine.swift */,
			);
			path = ViewModels;
			sourceTree = "<group>";
		};
		8C91CD892DADB49B00175826 /* Domain */ = {
			isa = PBXGroup;
			children = (
				8C57CB742D88C82200F4DC4C /* WeekWeatherForecast.swift */,
				8C91CD8A2DADB4C700175826 /* DayWeatherForecast.swift */,
				8C91CD8C2DADB4DE00175826 /* HalfDayWeatherForecast.swift */,
			);
			path = Domain;
			sourceTree = "<group>";
		};
		8CA5BED12D92DE3100BF5533 /* Networking */ = {
			isa = PBXGroup;
			children = (
				8CA5BED92D92E2D100BF5533 /* NetworkingServiceProtocol.swift */,
				8CA5BEE12D93018600BF5533 /* RXNetworkingService.swift */,
			);
			path = Networking;
			sourceTree = "<group>";
		};
		8CA5BED42D92E0A400BF5533 /* Decoding */ = {
			isa = PBXGroup;
			children = (
				8CA5BED52D92E0AF00BF5533 /* DecodingServiceProtocol.swift */,
				8CA5BEE32D9301B900BF5533 /* JSONDecodingService.swift */,
			);
			path = Decoding;
			sourceTree = "<group>";
		};
		8CA5BED72D92E28E00BF5533 /* WeatherService */ = {
			isa = PBXGroup;
			children = (
				8C91CD892DADB49B00175826 /* Domain */,
				8CA5BEDB2D92E43A00BF5533 /* Models */,
				8C8190B82D8209D8008D4A09 /* WeatherServiceProtocol.swift */,
				8CA5BED22D92DE9600BF5533 /* OpenWeatherService.swift */,
			);
			path = WeatherService;
			sourceTree = "<group>";
		};
		8CA5BEDB2D92E43A00BF5533 /* Models */ = {
			isa = PBXGroup;
			children = (
				8C8190CC2D821B0B008D4A09 /* CoordinatesModel.swift */,
				8C8190CA2D820D2A008D4A09 /* WeekWeatherForecastModel.swift */,
				8C994BF22DAE50E10097FD6E /* WeatherImageModel.swift */,
			);
			path = Models;
			sourceTree = "<group>";
		};
		8CA5BEDE2D93010600BF5533 /* Mock */ = {
			isa = PBXGroup;
			children = (
				8CA5BEDF2D93013500BF5533 /* MockNetworkingService.swift */,
				8CA5BEE72D9304D600BF5533 /* MockModelsEncodable.swift */,
			);
			path = Mock;
			sourceTree = "<group>";
		};
/* End PBXGroup section */

/* Begin PBXNativeTarget section */
		8C81909C2D81FBD2008D4A09 /* WeatherForecast */ = {
			isa = PBXNativeTarget;
			buildConfigurationList = 8C8190B12D81FBD3008D4A09 /* Build configuration list for PBXNativeTarget "WeatherForecast" */;
			buildPhases = (
				8C8190992D81FBD2008D4A09 /* Sources */,
				8C81909A2D81FBD2008D4A09 /* Frameworks */,
				8C81909B2D81FBD2008D4A09 /* Resources */,
			);
			buildRules = (
			);
			dependencies = (
			);
			name = WeatherForecast;
			packageProductDependencies = (
				8C8190D92D831B3C008D4A09 /* Differentiator */,
				8C8190DB2D831B3C008D4A09 /* RxDataSources */,
				8CA5224D2D9C886F003BE5E0 /* RxCocoa */,
				8C994BF72DAE5E0A0097FD6E /* RxCombine */,
			);
			productName = WeatherForecast;
			productReference = 8C81909D2D81FBD2008D4A09 /* WeatherForecast.app */;
			productType = "com.apple.product-type.application";
		};
		8C88A1E02D92D0D4000D1A27 /* WeatherForecastTests */ = {
			isa = PBXNativeTarget;
			buildConfigurationList = 8C88A1E92D92D0D4000D1A27 /* Build configuration list for PBXNativeTarget "WeatherForecastTests" */;
			buildPhases = (
				8C88A1DD2D92D0D4000D1A27 /* Sources */,
				8C88A1DE2D92D0D4000D1A27 /* Frameworks */,
				8C88A1DF2D92D0D4000D1A27 /* Resources */,
			);
			buildRules = (
			);
			dependencies = (
				8C88A1E62D92D0D4000D1A27 /* PBXTargetDependency */,
			);
			name = WeatherForecastTests;
			packageProductDependencies = (
				8CA5224B2D9C886F003BE5E0 /* RxBlocking */,
				8CA5224F2D9C886F003BE5E0 /* RxTest */,
			);
			productName = WeatherForecastTests;
			productReference = 8C88A1E12D92D0D4000D1A27 /* WeatherForecastTests.xctest */;
			productType = "com.apple.product-type.bundle.unit-test";
		};
/* End PBXNativeTarget section */

/* Begin PBXProject section */
		8C8190952D81FBD2008D4A09 /* Project object */ = {
			isa = PBXProject;
			attributes = {
				BuildIndependentTargetsInParallel = 1;
				LastSwiftUpdateCheck = 1500;
				LastUpgradeCheck = 1500;
				TargetAttributes = {
					8C81909C2D81FBD2008D4A09 = {
						CreatedOnToolsVersion = 15.0;
					};
					8C88A1E02D92D0D4000D1A27 = {
						CreatedOnToolsVersion = 15.0;
						TestTargetID = 8C81909C2D81FBD2008D4A09;
					};
				};
			};
			buildConfigurationList = 8C8190982D81FBD2008D4A09 /* Build configuration list for PBXProject "WeatherForecast" */;
			compatibilityVersion = "Xcode 14.0";
			developmentRegion = en;
			hasScannedForEncodings = 0;
			knownRegions = (
				en,
				Base,
			);
			mainGroup = 8C8190942D81FBD2008D4A09;
			packageReferences = (
				8C8190D82D831B3C008D4A09 /* XCRemoteSwiftPackageReference "RxDataSources" */,
				8CA5224A2D9C886F003BE5E0 /* XCRemoteSwiftPackageReference "RxSwift" */,
				8C994BF62DAE5E0A0097FD6E /* XCRemoteSwiftPackageReference "RxCombine" */,
			);
			productRefGroup = 8C81909E2D81FBD2008D4A09 /* Products */;
			projectDirPath = "";
			projectRoot = "";
			targets = (
				8C81909C2D81FBD2008D4A09 /* WeatherForecast */,
				8C88A1E02D92D0D4000D1A27 /* WeatherForecastTests */,
			);
		};
/* End PBXProject section */

/* Begin PBXResourcesBuildPhase section */
		8C81909B2D81FBD2008D4A09 /* Resources */ = {
			isa = PBXResourcesBuildPhase;
			buildActionMask = 2147483647;
			files = (
				8C8190AD2D81FBD3008D4A09 /* LaunchScreen.storyboard in Resources */,
				8C8190AA2D81FBD3008D4A09 /* Assets.xcassets in Resources */,
				8C8190A82D81FBD2008D4A09 /* Main.storyboard in Resources */,
				8C8190D32D823F4A008D4A09 /* WeatherInfoView.xib in Resources */,
			);
			runOnlyForDeploymentPostprocessing = 0;
		};
		8C88A1DF2D92D0D4000D1A27 /* Resources */ = {
			isa = PBXResourcesBuildPhase;
			buildActionMask = 2147483647;
			files = (
			);
			runOnlyForDeploymentPostprocessing = 0;
		};
/* End PBXResourcesBuildPhase section */

/* Begin PBXSourcesBuildPhase section */
		8C8190992D81FBD2008D4A09 /* Sources */ = {
			isa = PBXSourcesBuildPhase;
			buildActionMask = 2147483647;
			files = (
				8CA5BEDA2D92E2D100BF5533 /* NetworkingServiceProtocol.swift in Sources */,
				8C91CD842DADADE100175826 /* WeatherForecastViewModel_Combine.swift in Sources */,
				8C994BF52DAE5B140097FD6E /* WeatherImageModel+UIImage.swift in Sources */,
				8C8190CF2D821F79008D4A09 /* ViewController+Alert.swift in Sources */,
				8C91CD8B2DADB4C700175826 /* DayWeatherForecast.swift in Sources */,
				8C57CB752D88C82200F4DC4C /* WeekWeatherForecast.swift in Sources */,
				8C8190B72D820999008D4A09 /* WeatherForecastViewModel.swift in Sources */,
				8C8190B92D8209D8008D4A09 /* WeatherServiceProtocol.swift in Sources */,
				8C8190A52D81FBD2008D4A09 /* ViewController.swift in Sources */,
				8C994BFE2DAE92320097FD6E /* WeatherDayViewModel_Combine.swift in Sources */,
				8C8190D52D823F5C008D4A09 /* WeatherInfoView.swift in Sources */,
				8CA5BEE22D93018600BF5533 /* RXNetworkingService.swift in Sources */,
				8CA5BEE42D9301B900BF5533 /* JSONDecodingService.swift in Sources */,
				8C91CD8F2DADB9F600175826 /* WeatherHalfViewModel_Combine.swift in Sources */,
				8CA5BED62D92E0AF00BF5533 /* DecodingServiceProtocol.swift in Sources */,
				8C994BF12DAE4E7A0097FD6E /* WeatherInfoViewModel.swift in Sources */,
				8C8190C82D820C84008D4A09 /* Env.swift in Sources */,
				8C8190A12D81FBD2008D4A09 /* AppDelegate.swift in Sources */,
				8C8190CD2D821B0B008D4A09 /* CoordinatesModel.swift in Sources */,
				8C57CB682D83234A00F4DC4C /* WeatherForecastTableViewCell.swift in Sources */,
				8C8190A32D81FBD2008D4A09 /* SceneDelegate.swift in Sources */,
				8C91CD8D2DADB4DE00175826 /* HalfDayWeatherForecast.swift in Sources */,
				8CA5BED32D92DE9600BF5533 /* OpenWeatherService.swift in Sources */,
				8C91CD822DADAB6500175826 /* WeatherForecastView.swift in Sources */,
				8C994BFA2DAE8A9F0097FD6E /* WeatherDayView.swift in Sources */,
				8C91CD862DADB22100175826 /* WeatherHalfView.swift in Sources */,
				8C994BF32DAE50E10097FD6E /* WeatherImageModel.swift in Sources */,
				8C8190CB2D820D2A008D4A09 /* WeekWeatherForecastModel.swift in Sources */,
			);
			runOnlyForDeploymentPostprocessing = 0;
		};
		8C88A1DD2D92D0D4000D1A27 /* Sources */ = {
			isa = PBXSourcesBuildPhase;
			buildActionMask = 2147483647;
			files = (
				8CA5BEEA2D9357DE00BF5533 /* WeatherForecastViewModelTests.swift in Sources */,
				8C88A1E42D92D0D4000D1A27 /* WeatherForecastDecoderTests.swift in Sources */,
				8CA5BEE02D93013500BF5533 /* MockNetworkingService.swift in Sources */,
				8CA5BEE82D9304D600BF5533 /* MockModelsEncodable.swift in Sources */,
			);
			runOnlyForDeploymentPostprocessing = 0;
		};
/* End PBXSourcesBuildPhase section */

/* Begin PBXTargetDependency section */
		8C88A1E62D92D0D4000D1A27 /* PBXTargetDependency */ = {
			isa = PBXTargetDependency;
			target = 8C81909C2D81FBD2008D4A09 /* WeatherForecast */;
			targetProxy = 8C88A1E52D92D0D4000D1A27 /* PBXContainerItemProxy */;
		};
/* End PBXTargetDependency section */

/* Begin PBXVariantGroup section */
		8C8190A62D81FBD2008D4A09 /* Main.storyboard */ = {
			isa = PBXVariantGroup;
			children = (
				8C8190A72D81FBD2008D4A09 /* Base */,
			);
			name = Main.storyboard;
			sourceTree = "<group>";
		};
		8C8190AB2D81FBD3008D4A09 /* LaunchScreen.storyboard */ = {
			isa = PBXVariantGroup;
			children = (
				8C8190AC2D81FBD3008D4A09 /* Base */,
			);
			name = LaunchScreen.storyboard;
			sourceTree = "<group>";
		};
/* End PBXVariantGroup section */

/* Begin XCBuildConfiguration section */
		8C8190AF2D81FBD3008D4A09 /* Debug */ = {
			isa = XCBuildConfiguration;
			buildSettings = {
				ALWAYS_SEARCH_USER_PATHS = NO;
				ASSETCATALOG_COMPILER_GENERATE_SWIFT_ASSET_SYMBOL_EXTENSIONS = YES;
				CLANG_ANALYZER_NONNULL = YES;
				CLANG_ANALYZER_NUMBER_OBJECT_CONVERSION = YES_AGGRESSIVE;
				CLANG_CXX_LANGUAGE_STANDARD = "gnu++20";
				CLANG_ENABLE_MODULES = YES;
				CLANG_ENABLE_OBJC_ARC = YES;
				CLANG_ENABLE_OBJC_WEAK = YES;
				CLANG_WARN_BLOCK_CAPTURE_AUTORELEASING = YES;
				CLANG_WARN_BOOL_CONVERSION = YES;
				CLANG_WARN_COMMA = YES;
				CLANG_WARN_CONSTANT_CONVERSION = YES;
				CLANG_WARN_DEPRECATED_OBJC_IMPLEMENTATIONS = YES;
				CLANG_WARN_DIRECT_OBJC_ISA_USAGE = YES_ERROR;
				CLANG_WARN_DOCUMENTATION_COMMENTS = YES;
				CLANG_WARN_EMPTY_BODY = YES;
				CLANG_WARN_ENUM_CONVERSION = YES;
				CLANG_WARN_INFINITE_RECURSION = YES;
				CLANG_WARN_INT_CONVERSION = YES;
				CLANG_WARN_NON_LITERAL_NULL_CONVERSION = YES;
				CLANG_WARN_OBJC_IMPLICIT_RETAIN_SELF = YES;
				CLANG_WARN_OBJC_LITERAL_CONVERSION = YES;
				CLANG_WARN_OBJC_ROOT_CLASS = YES_ERROR;
				CLANG_WARN_QUOTED_INCLUDE_IN_FRAMEWORK_HEADER = YES;
				CLANG_WARN_RANGE_LOOP_ANALYSIS = YES;
				CLANG_WARN_STRICT_PROTOTYPES = YES;
				CLANG_WARN_SUSPICIOUS_MOVE = YES;
				CLANG_WARN_UNGUARDED_AVAILABILITY = YES_AGGRESSIVE;
				CLANG_WARN_UNREACHABLE_CODE = YES;
				CLANG_WARN__DUPLICATE_METHOD_MATCH = YES;
				COPY_PHASE_STRIP = NO;
				DEBUG_INFORMATION_FORMAT = dwarf;
				ENABLE_STRICT_OBJC_MSGSEND = YES;
				ENABLE_TESTABILITY = YES;
				ENABLE_USER_SCRIPT_SANDBOXING = YES;
				GCC_C_LANGUAGE_STANDARD = gnu17;
				GCC_DYNAMIC_NO_PIC = NO;
				GCC_NO_COMMON_BLOCKS = YES;
				GCC_OPTIMIZATION_LEVEL = 0;
				GCC_PREPROCESSOR_DEFINITIONS = (
					"DEBUG=1",
					"$(inherited)",
				);
				GCC_WARN_64_TO_32_BIT_CONVERSION = YES;
				GCC_WARN_ABOUT_RETURN_TYPE = YES_ERROR;
				GCC_WARN_UNDECLARED_SELECTOR = YES;
				GCC_WARN_UNINITIALIZED_AUTOS = YES_AGGRESSIVE;
				GCC_WARN_UNUSED_FUNCTION = YES;
				GCC_WARN_UNUSED_VARIABLE = YES;
				IPHONEOS_DEPLOYMENT_TARGET = 17.0;
				LOCALIZATION_PREFERS_STRING_CATALOGS = YES;
				MTL_ENABLE_DEBUG_INFO = INCLUDE_SOURCE;
				MTL_FAST_MATH = YES;
				ONLY_ACTIVE_ARCH = YES;
				SDKROOT = iphoneos;
				SWIFT_ACTIVE_COMPILATION_CONDITIONS = "DEBUG $(inherited)";
				SWIFT_OPTIMIZATION_LEVEL = "-Onone";
			};
			name = Debug;
		};
		8C8190B02D81FBD3008D4A09 /* Release */ = {
			isa = XCBuildConfiguration;
			buildSettings = {
				ALWAYS_SEARCH_USER_PATHS = NO;
				ASSETCATALOG_COMPILER_GENERATE_SWIFT_ASSET_SYMBOL_EXTENSIONS = YES;
				CLANG_ANALYZER_NONNULL = YES;
				CLANG_ANALYZER_NUMBER_OBJECT_CONVERSION = YES_AGGRESSIVE;
				CLANG_CXX_LANGUAGE_STANDARD = "gnu++20";
				CLANG_ENABLE_MODULES = YES;
				CLANG_ENABLE_OBJC_ARC = YES;
				CLANG_ENABLE_OBJC_WEAK = YES;
				CLANG_WARN_BLOCK_CAPTURE_AUTORELEASING = YES;
				CLANG_WARN_BOOL_CONVERSION = YES;
				CLANG_WARN_COMMA = YES;
				CLANG_WARN_CONSTANT_CONVERSION = YES;
				CLANG_WARN_DEPRECATED_OBJC_IMPLEMENTATIONS = YES;
				CLANG_WARN_DIRECT_OBJC_ISA_USAGE = YES_ERROR;
				CLANG_WARN_DOCUMENTATION_COMMENTS = YES;
				CLANG_WARN_EMPTY_BODY = YES;
				CLANG_WARN_ENUM_CONVERSION = YES;
				CLANG_WARN_INFINITE_RECURSION = YES;
				CLANG_WARN_INT_CONVERSION = YES;
				CLANG_WARN_NON_LITERAL_NULL_CONVERSION = YES;
				CLANG_WARN_OBJC_IMPLICIT_RETAIN_SELF = YES;
				CLANG_WARN_OBJC_LITERAL_CONVERSION = YES;
				CLANG_WARN_OBJC_ROOT_CLASS = YES_ERROR;
				CLANG_WARN_QUOTED_INCLUDE_IN_FRAMEWORK_HEADER = YES;
				CLANG_WARN_RANGE_LOOP_ANALYSIS = YES;
				CLANG_WARN_STRICT_PROTOTYPES = YES;
				CLANG_WARN_SUSPICIOUS_MOVE = YES;
				CLANG_WARN_UNGUARDED_AVAILABILITY = YES_AGGRESSIVE;
				CLANG_WARN_UNREACHABLE_CODE = YES;
				CLANG_WARN__DUPLICATE_METHOD_MATCH = YES;
				COPY_PHASE_STRIP = NO;
				DEBUG_INFORMATION_FORMAT = "dwarf-with-dsym";
				ENABLE_NS_ASSERTIONS = NO;
				ENABLE_STRICT_OBJC_MSGSEND = YES;
				ENABLE_USER_SCRIPT_SANDBOXING = YES;
				GCC_C_LANGUAGE_STANDARD = gnu17;
				GCC_NO_COMMON_BLOCKS = YES;
				GCC_WARN_64_TO_32_BIT_CONVERSION = YES;
				GCC_WARN_ABOUT_RETURN_TYPE = YES_ERROR;
				GCC_WARN_UNDECLARED_SELECTOR = YES;
				GCC_WARN_UNINITIALIZED_AUTOS = YES_AGGRESSIVE;
				GCC_WARN_UNUSED_FUNCTION = YES;
				GCC_WARN_UNUSED_VARIABLE = YES;
				IPHONEOS_DEPLOYMENT_TARGET = 17.0;
				LOCALIZATION_PREFERS_STRING_CATALOGS = YES;
				MTL_ENABLE_DEBUG_INFO = NO;
				MTL_FAST_MATH = YES;
				SDKROOT = iphoneos;
				SWIFT_COMPILATION_MODE = wholemodule;
				VALIDATE_PRODUCT = YES;
			};
			name = Release;
		};
		8C8190B22D81FBD3008D4A09 /* Debug */ = {
			isa = XCBuildConfiguration;
			buildSettings = {
				ASSETCATALOG_COMPILER_APPICON_NAME = AppIcon;
				ASSETCATALOG_COMPILER_GLOBAL_ACCENT_COLOR_NAME = AccentColor;
				CODE_SIGN_STYLE = Automatic;
				CURRENT_PROJECT_VERSION = 1;
				DEVELOPMENT_TEAM = D85QWSUNYA;
				GENERATE_INFOPLIST_FILE = YES;
				INFOPLIST_FILE = WeatherForecast/Info.plist;
				INFOPLIST_KEY_UIApplicationSupportsIndirectInputEvents = YES;
				INFOPLIST_KEY_UILaunchStoryboardName = LaunchScreen;
				INFOPLIST_KEY_UIMainStoryboardFile = Main;
				INFOPLIST_KEY_UISupportedInterfaceOrientations_iPad = "UIInterfaceOrientationPortrait UIInterfaceOrientationPortraitUpsideDown UIInterfaceOrientationLandscapeLeft UIInterfaceOrientationLandscapeRight";
				INFOPLIST_KEY_UISupportedInterfaceOrientations_iPhone = "UIInterfaceOrientationPortrait UIInterfaceOrientationLandscapeLeft UIInterfaceOrientationLandscapeRight";
				LD_RUNPATH_SEARCH_PATHS = (
					"$(inherited)",
					"@executable_path/Frameworks",
				);
				MARKETING_VERSION = 1.0;
				PRODUCT_BUNDLE_IDENTIFIER = "ua.edu.ukma.apple-env.verkhohliad.WeatherForecast";
				PRODUCT_NAME = "$(TARGET_NAME)";
				SWIFT_EMIT_LOC_STRINGS = YES;
				SWIFT_VERSION = 5.0;
				TARGETED_DEVICE_FAMILY = "1,2";
			};
			name = Debug;
		};
		8C8190B32D81FBD3008D4A09 /* Release */ = {
			isa = XCBuildConfiguration;
			buildSettings = {
				ASSETCATALOG_COMPILER_APPICON_NAME = AppIcon;
				ASSETCATALOG_COMPILER_GLOBAL_ACCENT_COLOR_NAME = AccentColor;
				CODE_SIGN_STYLE = Automatic;
				CURRENT_PROJECT_VERSION = 1;
				DEVELOPMENT_TEAM = D85QWSUNYA;
				GENERATE_INFOPLIST_FILE = YES;
				INFOPLIST_FILE = WeatherForecast/Info.plist;
				INFOPLIST_KEY_UIApplicationSupportsIndirectInputEvents = YES;
				INFOPLIST_KEY_UILaunchStoryboardName = LaunchScreen;
				INFOPLIST_KEY_UIMainStoryboardFile = Main;
				INFOPLIST_KEY_UISupportedInterfaceOrientations_iPad = "UIInterfaceOrientationPortrait UIInterfaceOrientationPortraitUpsideDown UIInterfaceOrientationLandscapeLeft UIInterfaceOrientationLandscapeRight";
				INFOPLIST_KEY_UISupportedInterfaceOrientations_iPhone = "UIInterfaceOrientationPortrait UIInterfaceOrientationLandscapeLeft UIInterfaceOrientationLandscapeRight";
				LD_RUNPATH_SEARCH_PATHS = (
					"$(inherited)",
					"@executable_path/Frameworks",
				);
				MARKETING_VERSION = 1.0;
				PRODUCT_BUNDLE_IDENTIFIER = "ua.edu.ukma.apple-env.verkhohliad.WeatherForecast";
				PRODUCT_NAME = "$(TARGET_NAME)";
				SWIFT_EMIT_LOC_STRINGS = YES;
				SWIFT_VERSION = 5.0;
				TARGETED_DEVICE_FAMILY = "1,2";
			};
			name = Release;
		};
		8C88A1E72D92D0D4000D1A27 /* Debug */ = {
			isa = XCBuildConfiguration;
			buildSettings = {
				BUNDLE_LOADER = "$(TEST_HOST)";
				CODE_SIGN_STYLE = Automatic;
				CURRENT_PROJECT_VERSION = 1;
				DEVELOPMENT_TEAM = D85QWSUNYA;
				GENERATE_INFOPLIST_FILE = YES;
				MARKETING_VERSION = 1.0;
				PRODUCT_BUNDLE_IDENTIFIER = "ua.edu.ukma.apple-env.verkhohliad.WeatherForecastTests";
				PRODUCT_NAME = "$(TARGET_NAME)";
				SWIFT_EMIT_LOC_STRINGS = NO;
				SWIFT_VERSION = 5.0;
				TARGETED_DEVICE_FAMILY = "1,2";
				TEST_HOST = "$(BUILT_PRODUCTS_DIR)/WeatherForecast.app/$(BUNDLE_EXECUTABLE_FOLDER_PATH)/WeatherForecast";
			};
			name = Debug;
		};
		8C88A1E82D92D0D4000D1A27 /* Release */ = {
			isa = XCBuildConfiguration;
			buildSettings = {
				BUNDLE_LOADER = "$(TEST_HOST)";
				CODE_SIGN_STYLE = Automatic;
				CURRENT_PROJECT_VERSION = 1;
				DEVELOPMENT_TEAM = D85QWSUNYA;
				GENERATE_INFOPLIST_FILE = YES;
				MARKETING_VERSION = 1.0;
				PRODUCT_BUNDLE_IDENTIFIER = "ua.edu.ukma.apple-env.verkhohliad.WeatherForecastTests";
				PRODUCT_NAME = "$(TARGET_NAME)";
				SWIFT_EMIT_LOC_STRINGS = NO;
				SWIFT_VERSION = 5.0;
				TARGETED_DEVICE_FAMILY = "1,2";
				TEST_HOST = "$(BUILT_PRODUCTS_DIR)/WeatherForecast.app/$(BUNDLE_EXECUTABLE_FOLDER_PATH)/WeatherForecast";
			};
			name = Release;
		};
/* End XCBuildConfiguration section */

/* Begin XCConfigurationList section */
		8C8190982D81FBD2008D4A09 /* Build configuration list for PBXProject "WeatherForecast" */ = {
			isa = XCConfigurationList;
			buildConfigurations = (
				8C8190AF2D81FBD3008D4A09 /* Debug */,
				8C8190B02D81FBD3008D4A09 /* Release */,
			);
			defaultConfigurationIsVisible = 0;
			defaultConfigurationName = Release;
		};
		8C8190B12D81FBD3008D4A09 /* Build configuration list for PBXNativeTarget "WeatherForecast" */ = {
			isa = XCConfigurationList;
			buildConfigurations = (
				8C8190B22D81FBD3008D4A09 /* Debug */,
				8C8190B32D81FBD3008D4A09 /* Release */,
			);
			defaultConfigurationIsVisible = 0;
			defaultConfigurationName = Release;
		};
		8C88A1E92D92D0D4000D1A27 /* Build configuration list for PBXNativeTarget "WeatherForecastTests" */ = {
			isa = XCConfigurationList;
			buildConfigurations = (
				8C88A1E72D92D0D4000D1A27 /* Debug */,
				8C88A1E82D92D0D4000D1A27 /* Release */,
			);
			defaultConfigurationIsVisible = 0;
			defaultConfigurationName = Release;
		};
/* End XCConfigurationList section */

/* Begin XCRemoteSwiftPackageReference section */
		8C8190D82D831B3C008D4A09 /* XCRemoteSwiftPackageReference "RxDataSources" */ = {
			isa = XCRemoteSwiftPackageReference;
			repositoryURL = "https://github.com/RxSwiftCommunity/RxDataSources.git";
			requirement = {
				kind = upToNextMajorVersion;
				minimumVersion = 5.0.2;
			};
		};
		8C994BF62DAE5E0A0097FD6E /* XCRemoteSwiftPackageReference "RxCombine" */ = {
			isa = XCRemoteSwiftPackageReference;
			repositoryURL = "https://github.com/CombineCommunity/RxCombine.git";
			requirement = {
				kind = upToNextMajorVersion;
				minimumVersion = 2.0.1;
			};
		};
		8CA5224A2D9C886F003BE5E0 /* XCRemoteSwiftPackageReference "RxSwift" */ = {
			isa = XCRemoteSwiftPackageReference;
			repositoryURL = "https://github.com/ReactiveX/RxSwift.git";
			requirement = {
				kind = upToNextMajorVersion;
				minimumVersion = 6.9.0;
			};
		};
/* End XCRemoteSwiftPackageReference section */

/* Begin XCSwiftPackageProductDependency section */
		8C8190D92D831B3C008D4A09 /* Differentiator */ = {
			isa = XCSwiftPackageProductDependency;
			package = 8C8190D82D831B3C008D4A09 /* XCRemoteSwiftPackageReference "RxDataSources" */;
			productName = Differentiator;
		};
		8C8190DB2D831B3C008D4A09 /* RxDataSources */ = {
			isa = XCSwiftPackageProductDependency;
			package = 8C8190D82D831B3C008D4A09 /* XCRemoteSwiftPackageReference "RxDataSources" */;
			productName = RxDataSources;
		};
		8C994BF72DAE5E0A0097FD6E /* RxCombine */ = {
			isa = XCSwiftPackageProductDependency;
			package = 8C994BF62DAE5E0A0097FD6E /* XCRemoteSwiftPackageReference "RxCombine" */;
			productName = RxCombine;
		};
		8CA5224B2D9C886F003BE5E0 /* RxBlocking */ = {
			isa = XCSwiftPackageProductDependency;
			package = 8CA5224A2D9C886F003BE5E0 /* XCRemoteSwiftPackageReference "RxSwift" */;
			productName = RxBlocking;
		};
		8CA5224D2D9C886F003BE5E0 /* RxCocoa */ = {
			isa = XCSwiftPackageProductDependency;
			package = 8CA5224A2D9C886F003BE5E0 /* XCRemoteSwiftPackageReference "RxSwift" */;
			productName = RxCocoa;
		};
		8CA5224F2D9C886F003BE5E0 /* RxTest */ = {
			isa = XCSwiftPackageProductDependency;
			package = 8CA5224A2D9C886F003BE5E0 /* XCRemoteSwiftPackageReference "RxSwift" */;
			productName = RxTest;
		};
/* End XCSwiftPackageProductDependency section */
	};
	rootObject = 8C8190952D81FBD2008D4A09 /* Project object */;
}
